
Microsoft Visual Studio Solution File, Format Version 12.00
Project("{FAE04EC0-301F-11D3-BF4B-00C04F79EFBC}") = "GoldenCrown.Domain", "GoldenCrown.Domain\GoldenCrown.Domain.csproj", "{F29AA349-8AA8-4154-B252-64291643693C}"
EndProject
Global
	GlobalSection(SolutionConfigurationPlatforms) = preSolution
		Debug|Any CPU = Debug|Any CPU
		Release|Any CPU = Release|Any CPU
	EndGlobalSection
	GlobalSection(ProjectConfigurationPlatforms) = postSolution
		{F29AA349-8AA8-4154-B252-64291643693C}.Debug|Any CPU.ActiveCfg = Debug|Any CPU
		{F29AA349-8AA8-4154-B252-64291643693C}.Debug|Any CPU.Build.0 = Debug|Any CPU
		{F29AA349-8AA8-4154-B252-64291643693C}.Release|Any CPU.ActiveCfg = Release|Any CPU
		{F29AA349-8AA8-4154-B252-64291643693C}.Release|Any CPU.Build.0 = Release|Any CPU
	EndGlobalSection
EndGlobal
